
Microsoft Visual Studio Solution File, Format Version 12.00
# Visual Studio Version 17
VisualStudioVersion = 17.4.33110.190
MinimumVisualStudioVersion = 10.0.40219.1
Project("{2150E333-8FDC-42A3-9474-1A3956D46DE8}") = "Solution Items", "Solution Items", "{45FD9816-5DE7-4422-A8D5-C017F4E5BD2C}"
	ProjectSection(SolutionItems) = preProject
		..\.gitignore = ..\.gitignore
		..\README.md = ..\README.md
		README.md = README.md
	EndProjectSection
EndProject
Project("{6EC3EE1D-3C4E-46DD-8F32-0CC8E7565705}") = "AoC.Day.Template", "AoC.Day.Template\AoC.Day.Template.fsproj", "{548B09AD-6595-45A3-A19E-147DC41615C4}"
EndProject
Project("{6EC3EE1D-3C4E-46DD-8F32-0CC8E7565705}") = "Common", "Common\Common.fsproj", "{3148A67C-BDDB-4660-83E6-C2C6D6016A47}"
EndProject
Project("{6EC3EE1D-3C4E-46DD-8F32-0CC8E7565705}") = "Day01", "Day01\Day01.fsproj", "{117C087A-8139-4096-822D-2A0BBC2E48FC}"
EndProject
Project("{6EC3EE1D-3C4E-46DD-8F32-0CC8E7565705}") = "Day02", "Day02\Day02.fsproj", "{A5148468-D518-4678-B32C-D3C59B6290AB}"
EndProject
Project("{6EC3EE1D-3C4E-46DD-8F32-0CC8E7565705}") = "Day03", "Day03\Day03.fsproj", "{EB78C4D1-7BDD-42AF-820B-32F4102190B1}"
EndProject
Project("{6EC3EE1D-3C4E-46DD-8F32-0CC8E7565705}") = "Day04", "Day04\Day04.fsproj", "{3E74A210-46A7-420E-93B4-12CCC4B51957}"
EndProject
Project("{6EC3EE1D-3C4E-46DD-8F32-0CC8E7565705}") = "Day05", "Day05\Day05.fsproj", "{4D538535-1283-4EEF-80F7-72A9A1643615}"
EndProject
Project("{6EC3EE1D-3C4E-46DD-8F32-0CC8E7565705}") = "Day06", "Day06\Day06.fsproj", "{24E41736-93F0-4222-810F-47B9A740E599}"
EndProject
Project("{6EC3EE1D-3C4E-46DD-8F32-0CC8E7565705}") = "Day07", "Day07\Day07.fsproj", "{5816A6D4-F70A-419E-AB40-C41C0AB5364F}"
EndProject
Project("{6EC3EE1D-3C4E-46DD-8F32-0CC8E7565705}") = "Day08", "Day08\Day08.fsproj", "{F33E64B7-EC50-4017-B735-C8900684BF0D}"
EndProject
Project("{6EC3EE1D-3C4E-46DD-8F32-0CC8E7565705}") = "Day09", "Day09\Day09.fsproj", "{E0975DA5-E104-4969-A685-85D36F28A321}"
EndProject
Project("{6EC3EE1D-3C4E-46DD-8F32-0CC8E7565705}") = "Day10", "Day10\Day10.fsproj", "{FD0F0852-30E0-485E-9423-B25CB6C4C035}"
EndProject
Project("{6EC3EE1D-3C4E-46DD-8F32-0CC8E7565705}") = "Day11", "Day11\Day11.fsproj", "{79DDA3B8-91C1-4F6D-A26C-3FA35609126E}"
EndProject
Project("{6EC3EE1D-3C4E-46DD-8F32-0CC8E7565705}") = "Day12", "Day12\Day12.fsproj", "{3A931587-D31B-4ED7-8AB4-D663175AA7B0}"
EndProject
Project("{6EC3EE1D-3C4E-46DD-8F32-0CC8E7565705}") = "Day13", "Day13\Day13.fsproj", "{60CC1225-2988-48A1-BA37-477053E3CE98}"
EndProject
Project("{6EC3EE1D-3C4E-46DD-8F32-0CC8E7565705}") = "Day14", "Day14\Day14.fsproj", "{3241E7B6-B58B-4032-9746-DF87B1F0D666}"
EndProject
Project("{6EC3EE1D-3C4E-46DD-8F32-0CC8E7565705}") = "Day15", "Day15\Day15.fsproj", "{52EA45CC-A60B-4B2D-B91F-A7B3874879BB}"
EndProject
Project("{6EC3EE1D-3C4E-46DD-8F32-0CC8E7565705}") = "Day16", "Day16\Day16.fsproj", "{4CABEF49-D9D8-4211-8714-95E118820C8F}"
EndProject
Project("{6EC3EE1D-3C4E-46DD-8F32-0CC8E7565705}") = "Day17", "Day17\Day17.fsproj", "{7DEA7521-24E1-4ED4-9530-70E91731ADB3}"
EndProject
Project("{6EC3EE1D-3C4E-46DD-8F32-0CC8E7565705}") = "Day18", "Day18\Day18.fsproj", "{31BA1C7C-D4C3-4F57-8129-8EF280911878}"
EndProject
Project("{6EC3EE1D-3C4E-46DD-8F32-0CC8E7565705}") = "Day20", "Day20\Day20.fsproj", "{B8263346-97C7-473B-B2EC-D7DC9D1DEF0F}"
EndProject
Project("{6EC3EE1D-3C4E-46DD-8F32-0CC8E7565705}") = "Day21", "Day21\Day21.fsproj", "{7168DBF8-A03D-43A5-A429-FBAF87D55FF6}"
EndProject
Project("{6EC3EE1D-3C4E-46DD-8F32-0CC8E7565705}") = "Day25", "Day25\Day25.fsproj", "{3CBC73E3-821C-45FC-85F8-877C29810E67}"
EndProject
Project("{F2A71F9B-5D33-465A-A702-920D77279786}") = "Day23", "Day23\Day23.fsproj", "{E6AEEB69-7669-4026-AC28-94D7B4467838}"
EndProject
Global
	GlobalSection(SolutionConfigurationPlatforms) = preSolution
		Debug|Any CPU = Debug|Any CPU
		Release|Any CPU = Release|Any CPU
	EndGlobalSection
	GlobalSection(ProjectConfigurationPlatforms) = postSolution
		{548B09AD-6595-45A3-A19E-147DC41615C4}.Debug|Any CPU.ActiveCfg = Debug|Any CPU
		{548B09AD-6595-45A3-A19E-147DC41615C4}.Debug|Any CPU.Build.0 = Debug|Any CPU
		{548B09AD-6595-45A3-A19E-147DC41615C4}.Release|Any CPU.ActiveCfg = Release|Any CPU
		{548B09AD-6595-45A3-A19E-147DC41615C4}.Release|Any CPU.Build.0 = Release|Any CPU
		{3148A67C-BDDB-4660-83E6-C2C6D6016A47}.Debug|Any CPU.ActiveCfg = Debug|Any CPU
		{3148A67C-BDDB-4660-83E6-C2C6D6016A47}.Debug|Any CPU.Build.0 = Debug|Any CPU
		{3148A67C-BDDB-4660-83E6-C2C6D6016A47}.Release|Any CPU.ActiveCfg = Release|Any CPU
		{3148A67C-BDDB-4660-83E6-C2C6D6016A47}.Release|Any CPU.Build.0 = Release|Any CPU
		{117C087A-8139-4096-822D-2A0BBC2E48FC}.Debug|Any CPU.ActiveCfg = Debug|Any CPU
		{117C087A-8139-4096-822D-2A0BBC2E48FC}.Debug|Any CPU.Build.0 = Debug|Any CPU
		{117C087A-8139-4096-822D-2A0BBC2E48FC}.Release|Any CPU.ActiveCfg = Release|Any CPU
		{117C087A-8139-4096-822D-2A0BBC2E48FC}.Release|Any CPU.Build.0 = Release|Any CPU
		{A5148468-D518-4678-B32C-D3C59B6290AB}.Debug|Any CPU.ActiveCfg = Debug|Any CPU
		{A5148468-D518-4678-B32C-D3C59B6290AB}.Debug|Any CPU.Build.0 = Debug|Any CPU
		{A5148468-D518-4678-B32C-D3C59B6290AB}.Release|Any CPU.ActiveCfg = Release|Any CPU
		{A5148468-D518-4678-B32C-D3C59B6290AB}.Release|Any CPU.Build.0 = Release|Any CPU
		{EB78C4D1-7BDD-42AF-820B-32F4102190B1}.Debug|Any CPU.ActiveCfg = Debug|Any CPU
		{EB78C4D1-7BDD-42AF-820B-32F4102190B1}.Debug|Any CPU.Build.0 = Debug|Any CPU
		{EB78C4D1-7BDD-42AF-820B-32F4102190B1}.Release|Any CPU.ActiveCfg = Release|Any CPU
		{EB78C4D1-7BDD-42AF-820B-32F4102190B1}.Release|Any CPU.Build.0 = Release|Any CPU
		{3E74A210-46A7-420E-93B4-12CCC4B51957}.Debug|Any CPU.ActiveCfg = Debug|Any CPU
		{3E74A210-46A7-420E-93B4-12CCC4B51957}.Debug|Any CPU.Build.0 = Debug|Any CPU
		{3E74A210-46A7-420E-93B4-12CCC4B51957}.Release|Any CPU.ActiveCfg = Release|Any CPU
		{3E74A210-46A7-420E-93B4-12CCC4B51957}.Release|Any CPU.Build.0 = Release|Any CPU
		{4D538535-1283-4EEF-80F7-72A9A1643615}.Debug|Any CPU.ActiveCfg = Debug|Any CPU
		{4D538535-1283-4EEF-80F7-72A9A1643615}.Debug|Any CPU.Build.0 = Debug|Any CPU
		{4D538535-1283-4EEF-80F7-72A9A1643615}.Release|Any CPU.ActiveCfg = Release|Any CPU
		{4D538535-1283-4EEF-80F7-72A9A1643615}.Release|Any CPU.Build.0 = Release|Any CPU
		{24E41736-93F0-4222-810F-47B9A740E599}.Debug|Any CPU.ActiveCfg = Debug|Any CPU
		{24E41736-93F0-4222-810F-47B9A740E599}.Debug|Any CPU.Build.0 = Debug|Any CPU
		{24E41736-93F0-4222-810F-47B9A740E599}.Release|Any CPU.ActiveCfg = Release|Any CPU
		{24E41736-93F0-4222-810F-47B9A740E599}.Release|Any CPU.Build.0 = Release|Any CPU
		{5816A6D4-F70A-419E-AB40-C41C0AB5364F}.Debug|Any CPU.ActiveCfg = Debug|Any CPU
		{5816A6D4-F70A-419E-AB40-C41C0AB5364F}.Debug|Any CPU.Build.0 = Debug|Any CPU
		{5816A6D4-F70A-419E-AB40-C41C0AB5364F}.Release|Any CPU.ActiveCfg = Release|Any CPU
		{5816A6D4-F70A-419E-AB40-C41C0AB5364F}.Release|Any CPU.Build.0 = Release|Any CPU
		{F33E64B7-EC50-4017-B735-C8900684BF0D}.Debug|Any CPU.ActiveCfg = Debug|Any CPU
		{F33E64B7-EC50-4017-B735-C8900684BF0D}.Debug|Any CPU.Build.0 = Debug|Any CPU
		{F33E64B7-EC50-4017-B735-C8900684BF0D}.Release|Any CPU.ActiveCfg = Release|Any CPU
		{F33E64B7-EC50-4017-B735-C8900684BF0D}.Release|Any CPU.Build.0 = Release|Any CPU
		{E0975DA5-E104-4969-A685-85D36F28A321}.Debug|Any CPU.ActiveCfg = Debug|Any CPU
		{E0975DA5-E104-4969-A685-85D36F28A321}.Debug|Any CPU.Build.0 = Debug|Any CPU
		{E0975DA5-E104-4969-A685-85D36F28A321}.Release|Any CPU.ActiveCfg = Release|Any CPU
		{E0975DA5-E104-4969-A685-85D36F28A321}.Release|Any CPU.Build.0 = Release|Any CPU
		{FD0F0852-30E0-485E-9423-B25CB6C4C035}.Debug|Any CPU.ActiveCfg = Debug|Any CPU
		{FD0F0852-30E0-485E-9423-B25CB6C4C035}.Debug|Any CPU.Build.0 = Debug|Any CPU
		{FD0F0852-30E0-485E-9423-B25CB6C4C035}.Release|Any CPU.ActiveCfg = Release|Any CPU
		{FD0F0852-30E0-485E-9423-B25CB6C4C035}.Release|Any CPU.Build.0 = Release|Any CPU
		{79DDA3B8-91C1-4F6D-A26C-3FA35609126E}.Debug|Any CPU.ActiveCfg = Debug|Any CPU
		{79DDA3B8-91C1-4F6D-A26C-3FA35609126E}.Debug|Any CPU.Build.0 = Debug|Any CPU
		{79DDA3B8-91C1-4F6D-A26C-3FA35609126E}.Release|Any CPU.ActiveCfg = Release|Any CPU
		{79DDA3B8-91C1-4F6D-A26C-3FA35609126E}.Release|Any CPU.Build.0 = Release|Any CPU
		{3A931587-D31B-4ED7-8AB4-D663175AA7B0}.Debug|Any CPU.ActiveCfg = Debug|Any CPU
		{3A931587-D31B-4ED7-8AB4-D663175AA7B0}.Debug|Any CPU.Build.0 = Debug|Any CPU
		{3A931587-D31B-4ED7-8AB4-D663175AA7B0}.Release|Any CPU.ActiveCfg = Release|Any CPU
		{3A931587-D31B-4ED7-8AB4-D663175AA7B0}.Release|Any CPU.Build.0 = Release|Any CPU
		{60CC1225-2988-48A1-BA37-477053E3CE98}.Debug|Any CPU.ActiveCfg = Debug|Any CPU
		{60CC1225-2988-48A1-BA37-477053E3CE98}.Debug|Any CPU.Build.0 = Debug|Any CPU
		{60CC1225-2988-48A1-BA37-477053E3CE98}.Release|Any CPU.ActiveCfg = Release|Any CPU
		{60CC1225-2988-48A1-BA37-477053E3CE98}.Release|Any CPU.Build.0 = Release|Any CPU
		{3241E7B6-B58B-4032-9746-DF87B1F0D666}.Debug|Any CPU.ActiveCfg = Debug|Any CPU
		{3241E7B6-B58B-4032-9746-DF87B1F0D666}.Debug|Any CPU.Build.0 = Debug|Any CPU
		{3241E7B6-B58B-4032-9746-DF87B1F0D666}.Release|Any CPU.ActiveCfg = Release|Any CPU
		{3241E7B6-B58B-4032-9746-DF87B1F0D666}.Release|Any CPU.Build.0 = Release|Any CPU
		{52EA45CC-A60B-4B2D-B91F-A7B3874879BB}.Debug|Any CPU.ActiveCfg = Debug|Any CPU
		{52EA45CC-A60B-4B2D-B91F-A7B3874879BB}.Debug|Any CPU.Build.0 = Debug|Any CPU
		{52EA45CC-A60B-4B2D-B91F-A7B3874879BB}.Release|Any CPU.ActiveCfg = Release|Any CPU
		{52EA45CC-A60B-4B2D-B91F-A7B3874879BB}.Release|Any CPU.Build.0 = Release|Any CPU
		{4CABEF49-D9D8-4211-8714-95E118820C8F}.Debug|Any CPU.ActiveCfg = Debug|Any CPU
		{4CABEF49-D9D8-4211-8714-95E118820C8F}.Debug|Any CPU.Build.0 = Debug|Any CPU
		{4CABEF49-D9D8-4211-8714-95E118820C8F}.Release|Any CPU.ActiveCfg = Release|Any CPU
		{4CABEF49-D9D8-4211-8714-95E118820C8F}.Release|Any CPU.Build.0 = Release|Any CPU
		{7DEA7521-24E1-4ED4-9530-70E91731ADB3}.Debug|Any CPU.ActiveCfg = Debug|Any CPU
		{7DEA7521-24E1-4ED4-9530-70E91731ADB3}.Debug|Any CPU.Build.0 = Debug|Any CPU
		{7DEA7521-24E1-4ED4-9530-70E91731ADB3}.Release|Any CPU.ActiveCfg = Release|Any CPU
		{7DEA7521-24E1-4ED4-9530-70E91731ADB3}.Release|Any CPU.Build.0 = Release|Any CPU
		{31BA1C7C-D4C3-4F57-8129-8EF280911878}.Debug|Any CPU.ActiveCfg = Debug|Any CPU
		{31BA1C7C-D4C3-4F57-8129-8EF280911878}.Debug|Any CPU.Build.0 = Debug|Any CPU
		{31BA1C7C-D4C3-4F57-8129-8EF280911878}.Release|Any CPU.ActiveCfg = Release|Any CPU
		{31BA1C7C-D4C3-4F57-8129-8EF280911878}.Release|Any CPU.Build.0 = Release|Any CPU
		{B8263346-97C7-473B-B2EC-D7DC9D1DEF0F}.Debug|Any CPU.ActiveCfg = Debug|Any CPU
		{B8263346-97C7-473B-B2EC-D7DC9D1DEF0F}.Debug|Any CPU.Build.0 = Debug|Any CPU
		{B8263346-97C7-473B-B2EC-D7DC9D1DEF0F}.Release|Any CPU.ActiveCfg = Release|Any CPU
		{B8263346-97C7-473B-B2EC-D7DC9D1DEF0F}.Release|Any CPU.Build.0 = Release|Any CPU
		{7168DBF8-A03D-43A5-A429-FBAF87D55FF6}.Debug|Any CPU.ActiveCfg = Debug|Any CPU
		{7168DBF8-A03D-43A5-A429-FBAF87D55FF6}.Debug|Any CPU.Build.0 = Debug|Any CPU
		{7168DBF8-A03D-43A5-A429-FBAF87D55FF6}.Release|Any CPU.ActiveCfg = Release|Any CPU
		{7168DBF8-A03D-43A5-A429-FBAF87D55FF6}.Release|Any CPU.Build.0 = Release|Any CPU
		{3CBC73E3-821C-45FC-85F8-877C29810E67}.Debug|Any CPU.ActiveCfg = Debug|Any CPU
		{3CBC73E3-821C-45FC-85F8-877C29810E67}.Debug|Any CPU.Build.0 = Debug|Any CPU
		{3CBC73E3-821C-45FC-85F8-877C29810E67}.Release|Any CPU.ActiveCfg = Release|Any CPU
		{3CBC73E3-821C-45FC-85F8-877C29810E67}.Release|Any CPU.Build.0 = Release|Any CPU
		{E6AEEB69-7669-4026-AC28-94D7B4467838}.Debug|Any CPU.ActiveCfg = Debug|Any CPU
		{E6AEEB69-7669-4026-AC28-94D7B4467838}.Debug|Any CPU.Build.0 = Debug|Any CPU
		{E6AEEB69-7669-4026-AC28-94D7B4467838}.Release|Any CPU.ActiveCfg = Release|Any CPU
		{E6AEEB69-7669-4026-AC28-94D7B4467838}.Release|Any CPU.Build.0 = Release|Any CPU
	EndGlobalSection
	GlobalSection(SolutionProperties) = preSolution
		HideSolutionNode = FALSE
	EndGlobalSection
	GlobalSection(ExtensibilityGlobals) = postSolution
		SolutionGuid = {F58FF8AE-DFEE-4153-9686-49D6E097BC2C}
	EndGlobalSection
EndGlobal
